
Microsoft Visual Studio Solution File, Format Version 12.00
# Visual Studio Version 17
VisualStudioVersion = 17.9.34622.214
MinimumVisualStudioVersion = 10.0.40219.1
Project("{9A19103F-16F7-4668-BE54-9A1E7A4F7556}") = "Wallet.Writer", "Wallet.Writer\Wallet.Writer.csproj", "{9B1B1DAF-3607-46F3-8ED1-F502A1AC6CF6}"
EndProject
Project("{FAE04EC0-301F-11D3-BF4B-00C04F79EFBC}") = "Wallet.Api", "Wallet.Api\Wallet.Api.csproj", "{50DBD25B-BC83-4FBB-AD0C-9B2FB94AC021}"
EndProject
Project("{FAE04EC0-301F-11D3-BF4B-00C04F79EFBC}") = "Wallet.Domain", "Wallet.Domain\Wallet.Domain.csproj", "{C85F1C65-CFF6-410B-B427-C75B8631D8BB}"
EndProject
Project("{FAE04EC0-301F-11D3-BF4B-00C04F79EFBC}") = "Wallet.Data", "Wallet.Data\Wallet.Data.csproj", "{3F229FA3-78AF-4C46-98AC-9FA1DD278112}"
EndProject
Project("{FAE04EC0-301F-11D3-BF4B-00C04F79EFBC}") = "Wallet.Receiver", "Wallet.Receiver\Wallet.Receiver.csproj", "{CEF1C297-8114-45C8-AE90-E65C60EC9E34}"
EndProject
Global
	GlobalSection(SolutionConfigurationPlatforms) = preSolution
		Debug|Any CPU = Debug|Any CPU
		Release|Any CPU = Release|Any CPU
	EndGlobalSection
	GlobalSection(ProjectConfigurationPlatforms) = postSolution
		{9B1B1DAF-3607-46F3-8ED1-F502A1AC6CF6}.Debug|Any CPU.ActiveCfg = Debug|Any CPU
		{9B1B1DAF-3607-46F3-8ED1-F502A1AC6CF6}.Debug|Any CPU.Build.0 = Debug|Any CPU
		{9B1B1DAF-3607-46F3-8ED1-F502A1AC6CF6}.Release|Any CPU.ActiveCfg = Release|Any CPU
		{9B1B1DAF-3607-46F3-8ED1-F502A1AC6CF6}.Release|Any CPU.Build.0 = Release|Any CPU
		{50DBD25B-BC83-4FBB-AD0C-9B2FB94AC021}.Debug|Any CPU.ActiveCfg = Debug|Any CPU
		{50DBD25B-BC83-4FBB-AD0C-9B2FB94AC021}.Debug|Any CPU.Build.0 = Debug|Any CPU
		{50DBD25B-BC83-4FBB-AD0C-9B2FB94AC021}.Release|Any CPU.ActiveCfg = Release|Any CPU
		{50DBD25B-BC83-4FBB-AD0C-9B2FB94AC021}.Release|Any CPU.Build.0 = Release|Any CPU
		{C85F1C65-CFF6-410B-B427-C75B8631D8BB}.Debug|Any CPU.ActiveCfg = Debug|Any CPU
		{C85F1C65-CFF6-410B-B427-C75B8631D8BB}.Debug|Any CPU.Build.0 = Debug|Any CPU
		{C85F1C65-CFF6-410B-B427-C75B8631D8BB}.Release|Any CPU.ActiveCfg = Release|Any CPU
		{C85F1C65-CFF6-410B-B427-C75B8631D8BB}.Release|Any CPU.Build.0 = Release|Any CPU
		{3F229FA3-78AF-4C46-98AC-9FA1DD278112}.Debug|Any CPU.ActiveCfg = Debug|Any CPU
		{3F229FA3-78AF-4C46-98AC-9FA1DD278112}.Debug|Any CPU.Build.0 = Debug|Any CPU
		{3F229FA3-78AF-4C46-98AC-9FA1DD278112}.Release|Any CPU.ActiveCfg = Release|Any CPU
		{3F229FA3-78AF-4C46-98AC-9FA1DD278112}.Release|Any CPU.Build.0 = Release|Any CPU
		{CEF1C297-8114-45C8-AE90-E65C60EC9E34}.Debug|Any CPU.ActiveCfg = Debug|Any CPU
		{CEF1C297-8114-45C8-AE90-E65C60EC9E34}.Debug|Any CPU.Build.0 = Debug|Any CPU
		{CEF1C297-8114-45C8-AE90-E65C60EC9E34}.Release|Any CPU.ActiveCfg = Release|Any CPU
		{CEF1C297-8114-45C8-AE90-E65C60EC9E34}.Release|Any CPU.Build.0 = Release|Any CPU
	EndGlobalSection
	GlobalSection(SolutionProperties) = preSolution
		HideSolutionNode = FALSE
	EndGlobalSection
	GlobalSection(ExtensibilityGlobals) = postSolution
		SolutionGuid = {5A0F4963-0448-4E62-8847-6AF49DEE5138}
	EndGlobalSection
EndGlobal
